// !$*UTF8*$!
{
	archiveVersion = 1;
	classes = {
	};
	objectVersion = 46;
	objects = {

/* Begin PBXBuildFile section */
		2D35C50F18B488CD00E01569 /* SettingsViewController.m in Sources */ = {isa = PBXBuildFile; fileRef = 2D35C50E18B488CD00E01569 /* SettingsViewController.m */; };
		2DCE30BE18B20C9E00E3B050 /* Foundation.framework in Frameworks */ = {isa = PBXBuildFile; fileRef = 2DCE30BD18B20C9E00E3B050 /* Foundation.framework */; };
		2DCE30C018B20C9E00E3B050 /* CoreGraphics.framework in Frameworks */ = {isa = PBXBuildFile; fileRef = 2DCE30BF18B20C9E00E3B050 /* CoreGraphics.framework */; };
		2DCE30C218B20C9E00E3B050 /* UIKit.framework in Frameworks */ = {isa = PBXBuildFile; fileRef = 2DCE30C118B20C9E00E3B050 /* UIKit.framework */; };
		2DCE30C818B20C9E00E3B050 /* InfoPlist.strings in Resources */ = {isa = PBXBuildFile; fileRef = 2DCE30C618B20C9E00E3B050 /* InfoPlist.strings */; };
		2DCE30CA18B20C9E00E3B050 /* main.m in Sources */ = {isa = PBXBuildFile; fileRef = 2DCE30C918B20C9E00E3B050 /* main.m */; };
		2DCE30CE18B20C9E00E3B050 /* AppDelegate.m in Sources */ = {isa = PBXBuildFile; fileRef = 2DCE30CD18B20C9E00E3B050 /* AppDelegate.m */; };
		2DCE30D118B20C9E00E3B050 /* Main.storyboard in Resources */ = {isa = PBXBuildFile; fileRef = 2DCE30CF18B20C9E00E3B050 /* Main.storyboard */; };
		2DCE30D418B20C9E00E3B050 /* MainViewController.m in Sources */ = {isa = PBXBuildFile; fileRef = 2DCE30D318B20C9E00E3B050 /* MainViewController.m */; };
		2DCE30D718B20C9E00E3B050 /* SecondViewController.m in Sources */ = {isa = PBXBuildFile; fileRef = 2DCE30D618B20C9E00E3B050 /* SecondViewController.m */; };
		2DCE30D918B20C9E00E3B050 /* Images.xcassets in Resources */ = {isa = PBXBuildFile; fileRef = 2DCE30D818B20C9E00E3B050 /* Images.xcassets */; };
		2DCE30E018B20C9E00E3B050 /* XCTest.framework in Frameworks */ = {isa = PBXBuildFile; fileRef = 2DCE30DF18B20C9E00E3B050 /* XCTest.framework */; };
		2DCE30E118B20C9E00E3B050 /* Foundation.framework in Frameworks */ = {isa = PBXBuildFile; fileRef = 2DCE30BD18B20C9E00E3B050 /* Foundation.framework */; };
		2DCE30E218B20C9E00E3B050 /* UIKit.framework in Frameworks */ = {isa = PBXBuildFile; fileRef = 2DCE30C118B20C9E00E3B050 /* UIKit.framework */; };
		2DCE30EA18B20C9E00E3B050 /* InfoPlist.strings in Resources */ = {isa = PBXBuildFile; fileRef = 2DCE30E818B20C9E00E3B050 /* InfoPlist.strings */; };
		2DCE30EC18B20C9E00E3B050 /* EpicFailTests.m in Sources */ = {isa = PBXBuildFile; fileRef = 2DCE30EB18B20C9E00E3B050 /* EpicFailTests.m */; };
		2DCE30F618B210D200E3B050 /* Parse.framework in Frameworks */ = {isa = PBXBuildFile; fileRef = 2DCE30F518B210D200E3B050 /* Parse.framework */; };
		2DCE30F818B210E700E3B050 /* AudioToolbox.framework in Frameworks */ = {isa = PBXBuildFile; fileRef = 2DCE30F718B210E700E3B050 /* AudioToolbox.framework */; };
		2DCE30FA18B210EE00E3B050 /* CFNetwork.framework in Frameworks */ = {isa = PBXBuildFile; fileRef = 2DCE30F918B210EE00E3B050 /* CFNetwork.framework */; };
		2DCE30FC18B210FF00E3B050 /* CoreLocation.framework in Frameworks */ = {isa = PBXBuildFile; fileRef = 2DCE30FB18B210FF00E3B050 /* CoreLocation.framework */; };
		2DCE30FE18B2110800E3B050 /* libz.dylib in Frameworks */ = {isa = PBXBuildFile; fileRef = 2DCE30FD18B2110700E3B050 /* libz.dylib */; };
		2DCE310018B2111100E3B050 /* MobileCoreServices.framework in Frameworks */ = {isa = PBXBuildFile; fileRef = 2DCE30FF18B2111100E3B050 /* MobileCoreServices.framework */; };
		2DCE310218B2111900E3B050 /* QuartzCore.framework in Frameworks */ = {isa = PBXBuildFile; fileRef = 2DCE310118B2111900E3B050 /* QuartzCore.framework */; };
		2DCE310418B2112100E3B050 /* Security.framework in Frameworks */ = {isa = PBXBuildFile; fileRef = 2DCE310318B2112100E3B050 /* Security.framework */; };
		2DCE310618B2112900E3B050 /* StoreKit.framework in Frameworks */ = {isa = PBXBuildFile; fileRef = 2DCE310518B2112900E3B050 /* StoreKit.framework */; };
		2DCE310818B2113000E3B050 /* SystemConfiguration.framework in Frameworks */ = {isa = PBXBuildFile; fileRef = 2DCE310718B2113000E3B050 /* SystemConfiguration.framework */; };
		2DCE310B18B2225500E3B050 /* LoginViewController.m in Sources */ = {isa = PBXBuildFile; fileRef = 2DCE310A18B2225500E3B050 /* LoginViewController.m */; };
		2DCE310D18B2788700E3B050 /* FacebookSDK.framework in Frameworks */ = {isa = PBXBuildFile; fileRef = 2DCE310C18B2788700E3B050 /* FacebookSDK.framework */; };
/* End PBXBuildFile section */

/* Begin PBXContainerItemProxy section */
		2DCE30E318B20C9E00E3B050 /* PBXContainerItemProxy */ = {
			isa = PBXContainerItemProxy;
			containerPortal = 2DCE30B218B20C9E00E3B050 /* Project object */;
			proxyType = 1;
			remoteGlobalIDString = 2DCE30B918B20C9E00E3B050;
			remoteInfo = EpicFail;
		};
/* End PBXContainerItemProxy section */

/* Begin PBXFileReference section */
		2D35C50D18B488CD00E01569 /* SettingsViewController.h */ = {isa = PBXFileReference; fileEncoding = 4; lastKnownFileType = sourcecode.c.h; path = SettingsViewController.h; sourceTree = "<group>"; };
		2D35C50E18B488CD00E01569 /* SettingsViewController.m */ = {isa = PBXFileReference; fileEncoding = 4; lastKnownFileType = sourcecode.c.objc; path = SettingsViewController.m; sourceTree = "<group>"; };
		2DCE30BA18B20C9E00E3B050 /* EpicFail.app */ = {isa = PBXFileReference; explicitFileType = wrapper.application; includeInIndex = 0; path = EpicFail.app; sourceTree = BUILT_PRODUCTS_DIR; };
		2DCE30BD18B20C9E00E3B050 /* Foundation.framework */ = {isa = PBXFileReference; lastKnownFileType = wrapper.framework; name = Foundation.framework; path = System/Library/Frameworks/Foundation.framework; sourceTree = SDKROOT; };
		2DCE30BF18B20C9E00E3B050 /* CoreGraphics.framework */ = {isa = PBXFileReference; lastKnownFileType = wrapper.framework; name = CoreGraphics.framework; path = System/Library/Frameworks/CoreGraphics.framework; sourceTree = SDKROOT; };
		2DCE30C118B20C9E00E3B050 /* UIKit.framework */ = {isa = PBXFileReference; lastKnownFileType = wrapper.framework; name = UIKit.framework; path = System/Library/Frameworks/UIKit.framework; sourceTree = SDKROOT; };
		2DCE30C518B20C9E00E3B050 /* EpicFail-Info.plist */ = {isa = PBXFileReference; lastKnownFileType = text.plist.xml; path = "EpicFail-Info.plist"; sourceTree = "<group>"; };
		2DCE30C718B20C9E00E3B050 /* en */ = {isa = PBXFileReference; lastKnownFileType = text.plist.strings; name = en; path = en.lproj/InfoPlist.strings; sourceTree = "<group>"; };
		2DCE30C918B20C9E00E3B050 /* main.m */ = {isa = PBXFileReference; lastKnownFileType = sourcecode.c.objc; path = main.m; sourceTree = "<group>"; };
		2DCE30CB18B20C9E00E3B050 /* EpicFail-Prefix.pch */ = {isa = PBXFileReference; lastKnownFileType = sourcecode.c.h; path = "EpicFail-Prefix.pch"; sourceTree = "<group>"; };
		2DCE30CC18B20C9E00E3B050 /* AppDelegate.h */ = {isa = PBXFileReference; lastKnownFileType = sourcecode.c.h; path = AppDelegate.h; sourceTree = "<group>"; };
		2DCE30CD18B20C9E00E3B050 /* AppDelegate.m */ = {isa = PBXFileReference; lastKnownFileType = sourcecode.c.objc; path = AppDelegate.m; sourceTree = "<group>"; };
		2DCE30D018B20C9E00E3B050 /* Base */ = {isa = PBXFileReference; lastKnownFileType = file.storyboard; name = Base; path = Base.lproj/Main.storyboard; sourceTree = "<group>"; };
		2DCE30D218B20C9E00E3B050 /* MainViewController.h */ = {isa = PBXFileReference; lastKnownFileType = sourcecode.c.h; path = MainViewController.h; sourceTree = "<group>"; };
		2DCE30D318B20C9E00E3B050 /* MainViewController.m */ = {isa = PBXFileReference; lastKnownFileType = sourcecode.c.objc; path = MainViewController.m; sourceTree = "<group>"; };
		2DCE30D518B20C9E00E3B050 /* SecondViewController.h */ = {isa = PBXFileReference; lastKnownFileType = sourcecode.c.h; path = SecondViewController.h; sourceTree = "<group>"; };
		2DCE30D618B20C9E00E3B050 /* SecondViewController.m */ = {isa = PBXFileReference; lastKnownFileType = sourcecode.c.objc; path = SecondViewController.m; sourceTree = "<group>"; };
		2DCE30D818B20C9E00E3B050 /* Images.xcassets */ = {isa = PBXFileReference; lastKnownFileType = folder.assetcatalog; path = Images.xcassets; sourceTree = "<group>"; };
		2DCE30DE18B20C9E00E3B050 /* EpicFailTests.xctest */ = {isa = PBXFileReference; explicitFileType = wrapper.cfbundle; includeInIndex = 0; path = EpicFailTests.xctest; sourceTree = BUILT_PRODUCTS_DIR; };
		2DCE30DF18B20C9E00E3B050 /* XCTest.framework */ = {isa = PBXFileReference; lastKnownFileType = wrapper.framework; name = XCTest.framework; path = Library/Frameworks/XCTest.framework; sourceTree = DEVELOPER_DIR; };
		2DCE30E718B20C9E00E3B050 /* EpicFailTests-Info.plist */ = {isa = PBXFileReference; lastKnownFileType = text.plist.xml; path = "EpicFailTests-Info.plist"; sourceTree = "<group>"; };
		2DCE30E918B20C9E00E3B050 /* en */ = {isa = PBXFileReference; lastKnownFileType = text.plist.strings; name = en; path = en.lproj/InfoPlist.strings; sourceTree = "<group>"; };
		2DCE30EB18B20C9E00E3B050 /* EpicFailTests.m */ = {isa = PBXFileReference; lastKnownFileType = sourcecode.c.objc; path = EpicFailTests.m; sourceTree = "<group>"; };
		2DCE30F518B210D200E3B050 /* Parse.framework */ = {isa = PBXFileReference; lastKnownFileType = wrapper.framework; path = Parse.framework; sourceTree = "<group>"; };
		2DCE30F718B210E700E3B050 /* AudioToolbox.framework */ = {isa = PBXFileReference; lastKnownFileType = wrapper.framework; name = AudioToolbox.framework; path = System/Library/Frameworks/AudioToolbox.framework; sourceTree = SDKROOT; };
		2DCE30F918B210EE00E3B050 /* CFNetwork.framework */ = {isa = PBXFileReference; lastKnownFileType = wrapper.framework; name = CFNetwork.framework; path = System/Library/Frameworks/CFNetwork.framework; sourceTree = SDKROOT; };
		2DCE30FB18B210FF00E3B050 /* CoreLocation.framework */ = {isa = PBXFileReference; lastKnownFileType = wrapper.framework; name = CoreLocation.framework; path = System/Library/Frameworks/CoreLocation.framework; sourceTree = SDKROOT; };
		2DCE30FD18B2110700E3B050 /* libz.dylib */ = {isa = PBXFileReference; lastKnownFileType = "compiled.mach-o.dylib"; name = libz.dylib; path = usr/lib/libz.dylib; sourceTree = SDKROOT; };
		2DCE30FF18B2111100E3B050 /* MobileCoreServices.framework */ = {isa = PBXFileReference; lastKnownFileType = wrapper.framework; name = MobileCoreServices.framework; path = System/Library/Frameworks/MobileCoreServices.framework; sourceTree = SDKROOT; };
		2DCE310118B2111900E3B050 /* QuartzCore.framework */ = {isa = PBXFileReference; lastKnownFileType = wrapper.framework; name = QuartzCore.framework; path = System/Library/Frameworks/QuartzCore.framework; sourceTree = SDKROOT; };
		2DCE310318B2112100E3B050 /* Security.framework */ = {isa = PBXFileReference; lastKnownFileType = wrapper.framework; name = Security.framework; path = System/Library/Frameworks/Security.framework; sourceTree = SDKROOT; };
		2DCE310518B2112900E3B050 /* StoreKit.framework */ = {isa = PBXFileReference; lastKnownFileType = wrapper.framework; name = StoreKit.framework; path = System/Library/Frameworks/StoreKit.framework; sourceTree = SDKROOT; };
		2DCE310718B2113000E3B050 /* SystemConfiguration.framework */ = {isa = PBXFileReference; lastKnownFileType = wrapper.framework; name = SystemConfiguration.framework; path = System/Library/Frameworks/SystemConfiguration.framework; sourceTree = SDKROOT; };
		2DCE310918B2225500E3B050 /* LoginViewController.h */ = {isa = PBXFileReference; fileEncoding = 4; lastKnownFileType = sourcecode.c.h; path = LoginViewController.h; sourceTree = "<group>"; };
		2DCE310A18B2225500E3B050 /* LoginViewController.m */ = {isa = PBXFileReference; fileEncoding = 4; lastKnownFileType = sourcecode.c.objc; path = LoginViewController.m; sourceTree = "<group>"; };
		2DCE310C18B2788700E3B050 /* FacebookSDK.framework */ = {isa = PBXFileReference; lastKnownFileType = wrapper.framework; path = FacebookSDK.framework; sourceTree = "<group>"; };
/* End PBXFileReference section */

/* Begin PBXFrameworksBuildPhase section */
		2DCE30B718B20C9E00E3B050 /* Frameworks */ = {
			isa = PBXFrameworksBuildPhase;
			buildActionMask = 2147483647;
			files = (
				2DCE310818B2113000E3B050 /* SystemConfiguration.framework in Frameworks */,
				2DCE310618B2112900E3B050 /* StoreKit.framework in Frameworks */,
				2DCE310418B2112100E3B050 /* Security.framework in Frameworks */,
				2DCE310218B2111900E3B050 /* QuartzCore.framework in Frameworks */,
				2DCE310018B2111100E3B050 /* MobileCoreServices.framework in Frameworks */,
				2DCE30FE18B2110800E3B050 /* libz.dylib in Frameworks */,
				2DCE30FC18B210FF00E3B050 /* CoreLocation.framework in Frameworks */,
				2DCE30C018B20C9E00E3B050 /* CoreGraphics.framework in Frameworks */,
				2DCE30FA18B210EE00E3B050 /* CFNetwork.framework in Frameworks */,
				2DCE30F818B210E700E3B050 /* AudioToolbox.framework in Frameworks */,
				2DCE30C218B20C9E00E3B050 /* UIKit.framework in Frameworks */,
				2DCE30F618B210D200E3B050 /* Parse.framework in Frameworks */,
				2DCE30BE18B20C9E00E3B050 /* Foundation.framework in Frameworks */,
				2DCE310D18B2788700E3B050 /* FacebookSDK.framework in Frameworks */,
			);
			runOnlyForDeploymentPostprocessing = 0;
		};
		2DCE30DB18B20C9E00E3B050 /* Frameworks */ = {
			isa = PBXFrameworksBuildPhase;
			buildActionMask = 2147483647;
			files = (
				2DCE30E018B20C9E00E3B050 /* XCTest.framework in Frameworks */,
				2DCE30E218B20C9E00E3B050 /* UIKit.framework in Frameworks */,
				2DCE30E118B20C9E00E3B050 /* Foundation.framework in Frameworks */,
			);
			runOnlyForDeploymentPostprocessing = 0;
		};
/* End PBXFrameworksBuildPhase section */

/* Begin PBXGroup section */
		2DCE30B118B20C9E00E3B050 = {
			isa = PBXGroup;
			children = (
				2DCE30C318B20C9E00E3B050 /* EpicFail */,
				2DCE30E518B20C9E00E3B050 /* EpicFailTests */,
				2DCE30BC18B20C9E00E3B050 /* Frameworks */,
				2DCE30BB18B20C9E00E3B050 /* Products */,
			);
			sourceTree = "<group>";
		};
		2DCE30BB18B20C9E00E3B050 /* Products */ = {
			isa = PBXGroup;
			children = (
				2DCE30BA18B20C9E00E3B050 /* EpicFail.app */,
				2DCE30DE18B20C9E00E3B050 /* EpicFailTests.xctest */,
			);
			name = Products;
			sourceTree = "<group>";
		};
		2DCE30BC18B20C9E00E3B050 /* Frameworks */ = {
			isa = PBXGroup;
			children = (
				2DCE30F518B210D200E3B050 /* Parse.framework */,
				2DCE310C18B2788700E3B050 /* FacebookSDK.framework */,
				2DCE310718B2113000E3B050 /* SystemConfiguration.framework */,
				2DCE310518B2112900E3B050 /* StoreKit.framework */,
				2DCE310318B2112100E3B050 /* Security.framework */,
				2DCE310118B2111900E3B050 /* QuartzCore.framework */,
				2DCE30FF18B2111100E3B050 /* MobileCoreServices.framework */,
				2DCE30FD18B2110700E3B050 /* libz.dylib */,
				2DCE30FB18B210FF00E3B050 /* CoreLocation.framework */,
				2DCE30F918B210EE00E3B050 /* CFNetwork.framework */,
				2DCE30F718B210E700E3B050 /* AudioToolbox.framework */,
				2DCE30BD18B20C9E00E3B050 /* Foundation.framework */,
				2DCE30BF18B20C9E00E3B050 /* CoreGraphics.framework */,
				2DCE30C118B20C9E00E3B050 /* UIKit.framework */,
				2DCE30DF18B20C9E00E3B050 /* XCTest.framework */,
			);
			name = Frameworks;
			sourceTree = "<group>";
		};
		2DCE30C318B20C9E00E3B050 /* EpicFail */ = {
			isa = PBXGroup;
			children = (
				2DCE30CF18B20C9E00E3B050 /* Main.storyboard */,
				2DCE310918B2225500E3B050 /* LoginViewController.h */,
				2DCE310A18B2225500E3B050 /* LoginViewController.m */,
				2DCE30D218B20C9E00E3B050 /* MainViewController.h */,
				2DCE30D318B20C9E00E3B050 /* MainViewController.m */,
				2DCE30D518B20C9E00E3B050 /* SecondViewController.h */,
				2DCE30D618B20C9E00E3B050 /* SecondViewController.m */,
				2D35C50D18B488CD00E01569 /* SettingsViewController.h */,
				2D35C50E18B488CD00E01569 /* SettingsViewController.m */,
				2DCE30D818B20C9E00E3B050 /* Images.xcassets */,
				2DCE30C418B20C9E00E3B050 /* Supporting Files */,
			);
			path = EpicFail;
			sourceTree = "<group>";
		};
		2DCE30C418B20C9E00E3B050 /* Supporting Files */ = {
			isa = PBXGroup;
			children = (
				2DCE30CC18B20C9E00E3B050 /* AppDelegate.h */,
				2DCE30CD18B20C9E00E3B050 /* AppDelegate.m */,
				2DCE30C518B20C9E00E3B050 /* EpicFail-Info.plist */,
				2DCE30C618B20C9E00E3B050 /* InfoPlist.strings */,
				2DCE30C918B20C9E00E3B050 /* main.m */,
				2DCE30CB18B20C9E00E3B050 /* EpicFail-Prefix.pch */,
			);
			name = "Supporting Files";
			sourceTree = "<group>";
		};
		2DCE30E518B20C9E00E3B050 /* EpicFailTests */ = {
			isa = PBXGroup;
			children = (
				2DCE30EB18B20C9E00E3B050 /* EpicFailTests.m */,
				2DCE30E618B20C9E00E3B050 /* Supporting Files */,
			);
			path = EpicFailTests;
			sourceTree = "<group>";
		};
		2DCE30E618B20C9E00E3B050 /* Supporting Files */ = {
			isa = PBXGroup;
			children = (
				2DCE30E718B20C9E00E3B050 /* EpicFailTests-Info.plist */,
				2DCE30E818B20C9E00E3B050 /* InfoPlist.strings */,
			);
			name = "Supporting Files";
			sourceTree = "<group>";
		};
/* End PBXGroup section */

/* Begin PBXNativeTarget section */
		2DCE30B918B20C9E00E3B050 /* EpicFail */ = {
			isa = PBXNativeTarget;
			buildConfigurationList = 2DCE30EF18B20C9E00E3B050 /* Build configuration list for PBXNativeTarget "EpicFail" */;
			buildPhases = (
				2DCE30B618B20C9E00E3B050 /* Sources */,
				2DCE30B718B20C9E00E3B050 /* Frameworks */,
				2DCE30B818B20C9E00E3B050 /* Resources */,
			);
			buildRules = (
			);
			dependencies = (
			);
			name = EpicFail;
			productName = EpicFail;
			productReference = 2DCE30BA18B20C9E00E3B050 /* EpicFail.app */;
			productType = "com.apple.product-type.application";
		};
		2DCE30DD18B20C9E00E3B050 /* EpicFailTests */ = {
			isa = PBXNativeTarget;
			buildConfigurationList = 2DCE30F218B20C9E00E3B050 /* Build configuration list for PBXNativeTarget "EpicFailTests" */;
			buildPhases = (
				2DCE30DA18B20C9E00E3B050 /* Sources */,
				2DCE30DB18B20C9E00E3B050 /* Frameworks */,
				2DCE30DC18B20C9E00E3B050 /* Resources */,
			);
			buildRules = (
			);
			dependencies = (
				2DCE30E418B20C9E00E3B050 /* PBXTargetDependency */,
			);
			name = EpicFailTests;
			productName = EpicFailTests;
			productReference = 2DCE30DE18B20C9E00E3B050 /* EpicFailTests.xctest */;
			productType = "com.apple.product-type.bundle.unit-test";
		};
/* End PBXNativeTarget section */

/* Begin PBXProject section */
		2DCE30B218B20C9E00E3B050 /* Project object */ = {
			isa = PBXProject;
			attributes = {
				LastUpgradeCheck = 0500;
				ORGANIZATIONNAME = NYC;
				TargetAttributes = {
					2DCE30DD18B20C9E00E3B050 = {
						TestTargetID = 2DCE30B918B20C9E00E3B050;
					};
				};
			};
			buildConfigurationList = 2DCE30B518B20C9E00E3B050 /* Build configuration list for PBXProject "EpicFail" */;
			compatibilityVersion = "Xcode 3.2";
			developmentRegion = English;
			hasScannedForEncodings = 0;
			knownRegions = (
				en,
				Base,
			);
			mainGroup = 2DCE30B118B20C9E00E3B050;
			productRefGroup = 2DCE30BB18B20C9E00E3B050 /* Products */;
			projectDirPath = "";
			projectRoot = "";
			targets = (
				2DCE30B918B20C9E00E3B050 /* EpicFail */,
				2DCE30DD18B20C9E00E3B050 /* EpicFailTests */,
			);
		};
/* End PBXProject section */

/* Begin PBXResourcesBuildPhase section */
		2DCE30B818B20C9E00E3B050 /* Resources */ = {
			isa = PBXResourcesBuildPhase;
			buildActionMask = 2147483647;
			files = (
				2DCE30D918B20C9E00E3B050 /* Images.xcassets in Resources */,
				2DCE30C818B20C9E00E3B050 /* InfoPlist.strings in Resources */,
				2DCE30D118B20C9E00E3B050 /* Main.storyboard in Resources */,
			);
			runOnlyForDeploymentPostprocessing = 0;
		};
		2DCE30DC18B20C9E00E3B050 /* Resources */ = {
			isa = PBXResourcesBuildPhase;
			buildActionMask = 2147483647;
			files = (
				2DCE30EA18B20C9E00E3B050 /* InfoPlist.strings in Resources */,
			);
			runOnlyForDeploymentPostprocessing = 0;
		};
/* End PBXResourcesBuildPhase section */

/* Begin PBXSourcesBuildPhase section */
		2DCE30B618B20C9E00E3B050 /* Sources */ = {
			isa = PBXSourcesBuildPhase;
			buildActionMask = 2147483647;
			files = (
				2DCE30D718B20C9E00E3B050 /* SecondViewController.m in Sources */,
				2DCE30CE18B20C9E00E3B050 /* AppDelegate.m in Sources */,
				2DCE30D418B20C9E00E3B050 /* MainViewController.m in Sources */,
				2D35C50F18B488CD00E01569 /* SettingsViewController.m in Sources */,
				2DCE30CA18B20C9E00E3B050 /* main.m in Sources */,
				2DCE310B18B2225500E3B050 /* LoginViewController.m in Sources */,
			);
			runOnlyForDeploymentPostprocessing = 0;
		};
		2DCE30DA18B20C9E00E3B050 /* Sources */ = {
			isa = PBXSourcesBuildPhase;
			buildActionMask = 2147483647;
			files = (
				2DCE30EC18B20C9E00E3B050 /* EpicFailTests.m in Sources */,
			);
			runOnlyForDeploymentPostprocessing = 0;
		};
/* End PBXSourcesBuildPhase section */

/* Begin PBXTargetDependency section */
		2DCE30E418B20C9E00E3B050 /* PBXTargetDependency */ = {
			isa = PBXTargetDependency;
			target = 2DCE30B918B20C9E00E3B050 /* EpicFail */;
			targetProxy = 2DCE30E318B20C9E00E3B050 /* PBXContainerItemProxy */;
		};
/* End PBXTargetDependency section */

/* Begin PBXVariantGroup section */
		2DCE30C618B20C9E00E3B050 /* InfoPlist.strings */ = {
			isa = PBXVariantGroup;
			children = (
				2DCE30C718B20C9E00E3B050 /* en */,
			);
			name = InfoPlist.strings;
			sourceTree = "<group>";
		};
		2DCE30CF18B20C9E00E3B050 /* Main.storyboard */ = {
			isa = PBXVariantGroup;
			children = (
				2DCE30D018B20C9E00E3B050 /* Base */,
			);
			name = Main.storyboard;
			sourceTree = "<group>";
		};
		2DCE30E818B20C9E00E3B050 /* InfoPlist.strings */ = {
			isa = PBXVariantGroup;
			children = (
				2DCE30E918B20C9E00E3B050 /* en */,
			);
			name = InfoPlist.strings;
			sourceTree = "<group>";
		};
/* End PBXVariantGroup section */

/* Begin XCBuildConfiguration section */
		2DCE30ED18B20C9E00E3B050 /* Debug */ = {
			isa = XCBuildConfiguration;
			buildSettings = {
				ALWAYS_SEARCH_USER_PATHS = NO;
				ARCHS = "$(ARCHS_STANDARD_INCLUDING_64_BIT)";
				CLANG_CXX_LANGUAGE_STANDARD = "gnu++0x";
				CLANG_CXX_LIBRARY = "libc++";
				CLANG_ENABLE_MODULES = YES;
				CLANG_ENABLE_OBJC_ARC = YES;
				CLANG_WARN_BOOL_CONVERSION = YES;
				CLANG_WARN_CONSTANT_CONVERSION = YES;
				CLANG_WARN_DIRECT_OBJC_ISA_USAGE = YES_ERROR;
				CLANG_WARN_EMPTY_BODY = YES;
				CLANG_WARN_ENUM_CONVERSION = YES;
				CLANG_WARN_INT_CONVERSION = YES;
				CLANG_WARN_OBJC_ROOT_CLASS = YES_ERROR;
				CLANG_WARN__DUPLICATE_METHOD_MATCH = YES;
				"CODE_SIGN_IDENTITY[sdk=iphoneos*]" = "iPhone Developer";
				COPY_PHASE_STRIP = NO;
				GCC_C_LANGUAGE_STANDARD = gnu99;
				GCC_DYNAMIC_NO_PIC = NO;
				GCC_OPTIMIZATION_LEVEL = 0;
				GCC_PREPROCESSOR_DEFINITIONS = (
					"DEBUG=1",
					"$(inherited)",
				);
				GCC_SYMBOLS_PRIVATE_EXTERN = NO;
				GCC_WARN_64_TO_32_BIT_CONVERSION = YES;
				GCC_WARN_ABOUT_RETURN_TYPE = YES_ERROR;
				GCC_WARN_UNDECLARED_SELECTOR = YES;
				GCC_WARN_UNINITIALIZED_AUTOS = YES;
				GCC_WARN_UNUSED_FUNCTION = YES;
				GCC_WARN_UNUSED_VARIABLE = YES;
				IPHONEOS_DEPLOYMENT_TARGET = 7.0;
				ONLY_ACTIVE_ARCH = YES;
				SDKROOT = iphoneos;
			};
			name = Debug;
		};
		2DCE30EE18B20C9E00E3B050 /* Release */ = {
			isa = XCBuildConfiguration;
			buildSettings = {
				ALWAYS_SEARCH_USER_PATHS = NO;
				ARCHS = "$(ARCHS_STANDARD_INCLUDING_64_BIT)";
				CLANG_CXX_LANGUAGE_STANDARD = "gnu++0x";
				CLANG_CXX_LIBRARY = "libc++";
				CLANG_ENABLE_MODULES = YES;
				CLANG_ENABLE_OBJC_ARC = YES;
				CLANG_WARN_BOOL_CONVERSION = YES;
				CLANG_WARN_CONSTANT_CONVERSION = YES;
				CLANG_WARN_DIRECT_OBJC_ISA_USAGE = YES_ERROR;
				CLANG_WARN_EMPTY_BODY = YES;
				CLANG_WARN_ENUM_CONVERSION = YES;
				CLANG_WARN_INT_CONVERSION = YES;
				CLANG_WARN_OBJC_ROOT_CLASS = YES_ERROR;
				CLANG_WARN__DUPLICATE_METHOD_MATCH = YES;
				"CODE_SIGN_IDENTITY[sdk=iphoneos*]" = "iPhone Developer";
				COPY_PHASE_STRIP = YES;
				ENABLE_NS_ASSERTIONS = NO;
				GCC_C_LANGUAGE_STANDARD = gnu99;
				GCC_WARN_64_TO_32_BIT_CONVERSION = YES;
				GCC_WARN_ABOUT_RETURN_TYPE = YES_ERROR;
				GCC_WARN_UNDECLARED_SELECTOR = YES;
				GCC_WARN_UNINITIALIZED_AUTOS = YES;
				GCC_WARN_UNUSED_FUNCTION = YES;
				GCC_WARN_UNUSED_VARIABLE = YES;
				IPHONEOS_DEPLOYMENT_TARGET = 7.0;
				SDKROOT = iphoneos;
				VALIDATE_PRODUCT = YES;
			};
			name = Release;
		};
		2DCE30F018B20C9E00E3B050 /* Debug */ = {
			isa = XCBuildConfiguration;
			buildSettings = {
				ASSETCATALOG_COMPILER_APPICON_NAME = AppIcon;
				ASSETCATALOG_COMPILER_LAUNCHIMAGE_NAME = LaunchImage;
				FRAMEWORK_SEARCH_PATHS = (
					"$(inherited)",
					/Users/nai/Developer/EpicFail,
				);
				GCC_PRECOMPILE_PREFIX_HEADER = YES;
				GCC_PREFIX_HEADER = "EpicFail/EpicFail-Prefix.pch";
				INFOPLIST_FILE = "EpicFail/EpicFail-Info.plist";
				OTHER_LDFLAGS = "-ObjC";
				PRODUCT_NAME = "$(TARGET_NAME)";
				WRAPPER_EXTENSION = app;
			};
			name = Debug;
		};
		2DCE30F118B20C9E00E3B050 /* Release */ = {
			isa = XCBuildConfiguration;
			buildSettings = {
				ASSETCATALOG_COMPILER_APPICON_NAME = AppIcon;
				ASSETCATALOG_COMPILER_LAUNCHIMAGE_NAME = LaunchImage;
				FRAMEWORK_SEARCH_PATHS = (
					"$(inherited)",
					/Users/nai/Developer/EpicFail,
				);
				GCC_PRECOMPILE_PREFIX_HEADER = YES;
				GCC_PREFIX_HEADER = "EpicFail/EpicFail-Prefix.pch";
				INFOPLIST_FILE = "EpicFail/EpicFail-Info.plist";
				OTHER_LDFLAGS = "-ObjC";
				PRODUCT_NAME = "$(TARGET_NAME)";
				WRAPPER_EXTENSION = app;
			};
			name = Release;
		};
		2DCE30F318B20C9E00E3B050 /* Debug */ = {
			isa = XCBuildConfiguration;
			buildSettings = {
				ARCHS = "$(ARCHS_STANDARD_INCLUDING_64_BIT)";
				BUNDLE_LOADER = "$(BUILT_PRODUCTS_DIR)/EpicFail.app/EpicFail";
				FRAMEWORK_SEARCH_PATHS = (
					"$(SDKROOT)/Developer/Library/Frameworks",
					"$(inherited)",
					"$(DEVELOPER_FRAMEWORKS_DIR)",
				);
				GCC_PRECOMPILE_PREFIX_HEADER = YES;
				GCC_PREFIX_HEADER = "EpicFail/EpicFail-Prefix.pch";
				GCC_PREPROCESSOR_DEFINITIONS = (
					"DEBUG=1",
					"$(inherited)",
				);
				INFOPLIST_FILE = "EpicFailTests/EpicFailTests-Info.plist";
				PRODUCT_NAME = "$(TARGET_NAME)";
				TEST_HOST = "$(BUNDLE_LOADER)";
				WRAPPER_EXTENSION = xctest;
			};
			name = Debug;
		};
		2DCE30F418B20C9E00E3B050 /* Release */ = {
			isa = XCBuildConfiguration;
			buildSettings = {
				ARCHS = "$(ARCHS_STANDARD_INCLUDING_64_BIT)";
				BUNDLE_LOADER = "$(BUILT_PRODUCTS_DIR)/EpicFail.app/EpicFail";
				FRAMEWORK_SEARCH_PATHS = (
					"$(SDKROOT)/Developer/Library/Frameworks",
					"$(inherited)",
					"$(DEVELOPER_FRAMEWORKS_DIR)",
				);
				GCC_PRECOMPILE_PREFIX_HEADER = YES;
				GCC_PREFIX_HEADER = "EpicFail/EpicFail-Prefix.pch";
				INFOPLIST_FILE = "EpicFailTests/EpicFailTests-Info.plist";
				PRODUCT_NAME = "$(TARGET_NAME)";
				TEST_HOST = "$(BUNDLE_LOADER)";
				WRAPPER_EXTENSION = xctest;
			};
			name = Release;
		};
/* End XCBuildConfiguration section */

/* Begin XCConfigurationList section */
		2DCE30B518B20C9E00E3B050 /* Build configuration list for PBXProject "EpicFail" */ = {
			isa = XCConfigurationList;
			buildConfigurations = (
				2DCE30ED18B20C9E00E3B050 /* Debug */,
				2DCE30EE18B20C9E00E3B050 /* Release */,
			);
			defaultConfigurationIsVisible = 0;
			defaultConfigurationName = Release;
		};
		2DCE30EF18B20C9E00E3B050 /* Build configuration list for PBXNativeTarget "EpicFail" */ = {
			isa = XCConfigurationList;
			buildConfigurations = (
				2DCE30F018B20C9E00E3B050 /* Debug */,
				2DCE30F118B20C9E00E3B050 /* Release */,
			);
			defaultConfigurationIsVisible = 0;
			defaultConfigurationName = Release;
		};
		2DCE30F218B20C9E00E3B050 /* Build configuration list for PBXNativeTarget "EpicFailTests" */ = {
			isa = XCConfigurationList;
			buildConfigurations = (
				2DCE30F318B20C9E00E3B050 /* Debug */,
				2DCE30F418B20C9E00E3B050 /* Release */,
			);
			defaultConfigurationIsVisible = 0;
			defaultConfigurationName = Release;
		};
/* End XCConfigurationList section */
	};
	rootObject = 2DCE30B218B20C9E00E3B050 /* Project object */;
}
